
Microsoft Visual Studio Solution File, Format Version 12.00
# Visual Studio Version 17
VisualStudioVersion = 17.0.31903.59
MinimumVisualStudioVersion = 10.0.40219.1
Project("{2150E333-8FDC-42A3-9474-1A3956D46DE8}") = "src", "src", "{6A8D1755-D9DF-4EF4-89C2-466FD7AE6A63}"
EndProject
Project("{2150E333-8FDC-42A3-9474-1A3956D46DE8}") = "Shared", "Shared", "{8EFD1B6E-7075-4579-B9E6-961AD68A13D7}"
EndProject
Project("{FAE04EC0-301F-11D3-BF4B-00C04F79EFBC}") = "GazeConnect.Shared", "services\csharp\Shared\GazeConnect.Shared\GazeConnect.Shared.csproj", "{1050C07F-18DB-49BD-AF4A-2ED44ACD9300}"
EndProject
Project("{2150E333-8FDC-42A3-9474-1A3956D46DE8}") = "Gateway", "Gateway", "{9D75FA01-0FF3-4962-A438-1F12C0D3982C}"
EndProject
Project("{FAE04EC0-301F-11D3-BF4B-00C04F79EFBC}") = "GazeConnect.ApiGateway", "services\csharp\Gateway\GazeConnect.ApiGateway\GazeConnect.ApiGateway.csproj", "{7E58B36E-AF53-4A93-B19C-BA1808410A14}"
EndProject
Project("{2150E333-8FDC-42A3-9474-1A3956D46DE8}") = "Services", "Services", "{3095B0F0-3C1F-400E-A8B9-D9311C4B4BD4}"
EndProject
Project("{FAE04EC0-301F-11D3-BF4B-00C04F79EFBC}") = "GazeConnect.CameraHub", "services\csharp\Services\GazeConnect.CameraHub\GazeConnect.CameraHub.csproj", "{D4F11D48-FA73-4BF2-8B1E-CCE2F3AA9394}"
EndProject
Project("{FAE04EC0-301F-11D3-BF4B-00C04F79EFBC}") = "GazeConnect.AACBoard", "services\csharp\Services\GazeConnect.AACBoard\GazeConnect.AACBoard.csproj", "{45C7C808-71E8-4297-BA29-914013359826}"
EndProject
Project("{FAE04EC0-301F-11D3-BF4B-00C04F79EFBC}") = "GazeConnect.TTS", "services\csharp\Services\GazeConnect.TTS\GazeConnect.TTS.csproj", "{3B885999-C205-4EFA-BF74-28B1CCBBDE2D}"
EndProject
Project("{FAE04EC0-301F-11D3-BF4B-00C04F79EFBC}") = "GazeConnect.UserProfile", "services\csharp\Services\GazeConnect.UserProfile\GazeConnect.UserProfile.csproj", "{4F6FC914-3515-4FE6-8773-C5F8C7C04EE0}"
EndProject
Project("{2150E333-8FDC-42A3-9474-1A3956D46DE8}") = "services", "services", "{1C7A6A95-3C34-48C8-B0A4-66AF882498D3}"
EndProject
Project("{2150E333-8FDC-42A3-9474-1A3956D46DE8}") = "csharp", "csharp", "{3E3FC75C-E6D6-4E68-8372-5EADEB74AD5C}"
EndProject
Project("{2150E333-8FDC-42A3-9474-1A3956D46DE8}") = "Services", "Services", "{2BB03335-0718-4DB0-9C69-2706E207717C}"
EndProject
Project("{2150E333-8FDC-42A3-9474-1A3956D46DE8}") = "GazeConnect.AACBoard", "GazeConnect.AACBoard", "{9608EF13-F82B-4D66-A1E1-FCC813591528}"
EndProject
Project("{FAE04EC0-301F-11D3-BF4B-00C04F79EFBC}") = "GazeConnect.AACBoard.Core", "services\csharp\Services\GazeConnect.AACBoard\GazeConnect.AACBoard.Core\GazeConnect.AACBoard.Core.csproj", "{6CF652A7-2C98-4C3F-BB39-D06E7839C704}"
EndProject
Project("{FAE04EC0-301F-11D3-BF4B-00C04F79EFBC}") = "GazeConnect.AACBoard.Service", "services\csharp\Services\GazeConnect.AACBoard\GazeConnect.AACBoard.Service\GazeConnect.AACBoard.Service.csproj", "{153A9226-6E58-4272-9C23-3F20D1E6EA53}"
EndProject
Project("{FAE04EC0-301F-11D3-BF4B-00C04F79EFBC}") = "GazeConnect.AACBoard.Data", "services\csharp\Services\GazeConnect.AACBoard\GazeConnect.AACBoard.Data\GazeConnect.AACBoard.Data.csproj", "{591BB57C-806E-4605-A2BA-3C1F191E8F64}"
EndProject
Project("{2150E333-8FDC-42A3-9474-1A3956D46DE8}") = "GazeConnect.CameraHub", "GazeConnect.CameraHub", "{58BAC447-6EF7-495A-AE98-9BD9C3E7AC72}"
EndProject
Project("{FAE04EC0-301F-11D3-BF4B-00C04F79EFBC}") = "GazeConnect.CameraHub.Core", "services\csharp\Services\GazeConnect.CameraHub\GazeConnect.CameraHub.Core\GazeConnect.CameraHub.Core.csproj", "{06EED90D-196D-4142-8EEC-3495816D3033}"
EndProject
Project("{FAE04EC0-301F-11D3-BF4B-00C04F79EFBC}") = "GazeConnect.CameraHub.Service", "services\csharp\Services\GazeConnect.CameraHub\GazeConnect.CameraHub.Service\GazeConnect.CameraHub.Service.csproj", "{159630D5-8CDB-4BAE-B997-29627C0D2FF7}"
EndProject
Project("{FAE04EC0-301F-11D3-BF4B-00C04F79EFBC}") = "GazeConnect.CameraHub.Data", "services\csharp\Services\GazeConnect.CameraHub\GazeConnect.CameraHub.Data\GazeConnect.CameraHub.Data.csproj", "{031AAFAE-D598-4844-B957-2A196399EA28}"
EndProject
Project("{2150E333-8FDC-42A3-9474-1A3956D46DE8}") = "GazeConnect.TTS", "GazeConnect.TTS", "{0AD1303A-4282-457C-A353-18A26E7D3B7E}"
EndProject
Project("{FAE04EC0-301F-11D3-BF4B-00C04F79EFBC}") = "GazeConnect.TTS.Core", "services\csharp\Services\GazeConnect.TTS\GazeConnect.TTS.Core\GazeConnect.TTS.Core.csproj", "{01C1135E-1D44-42CC-BE54-853FFC605C7A}"
EndProject
Project("{FAE04EC0-301F-11D3-BF4B-00C04F79EFBC}") = "GazeConnect.TTS.Service", "services\csharp\Services\GazeConnect.TTS\GazeConnect.TTS.Service\GazeConnect.TTS.Service.csproj", "{60D35D3B-51D4-483F-BD5E-B066CA9F9E52}"
EndProject
Project("{FAE04EC0-301F-11D3-BF4B-00C04F79EFBC}") = "GazeConnect.TTS.Data", "services\csharp\Services\GazeConnect.TTS\GazeConnect.TTS.Data\GazeConnect.TTS.Data.csproj", "{B419AF7F-D684-4BD2-BF72-178A66BD8D5E}"
EndProject
Project("{2150E333-8FDC-42A3-9474-1A3956D46DE8}") = "GazeConnect.UserProfile", "GazeConnect.UserProfile", "{A4D43C45-9F6D-4304-AACC-63116830710E}"
EndProject
Project("{FAE04EC0-301F-11D3-BF4B-00C04F79EFBC}") = "GazeConnect.UserProfile.Core", "services\csharp\Services\GazeConnect.UserProfile\GazeConnect.UserProfile.Core\GazeConnect.UserProfile.Core.csproj", "{0929F75E-E537-4250-A706-5058CECB7A4C}"
EndProject
Project("{FAE04EC0-301F-11D3-BF4B-00C04F79EFBC}") = "GazeConnect.UserProfile.Service", "services\csharp\Services\GazeConnect.UserProfile\GazeConnect.UserProfile.Service\GazeConnect.UserProfile.Service.csproj", "{3C40E508-C0F5-4395-8488-BCA8B9548113}"
EndProject
Project("{FAE04EC0-301F-11D3-BF4B-00C04F79EFBC}") = "GazeConnect.UserProfile.Data", "services\csharp\Services\GazeConnect.UserProfile\GazeConnect.UserProfile.Data\GazeConnect.UserProfile.Data.csproj", "{78698553-A5B7-484D-8DAF-4F852C644C60}"
EndProject
Project("{FAE04EC0-301F-11D3-BF4B-00C04F79EFBC}") = "GazeConnect.AACBoard.Api", "services\csharp\Services\GazeConnect.AACBoard\GazeConnect.AACBoard.Api\GazeConnect.AACBoard.Api.csproj", "{760C957B-650D-41C3-9C6D-D8BC84BFB019}"
EndProject
Project("{FAE04EC0-301F-11D3-BF4B-00C04F79EFBC}") = "GazeConnect.CameraHub.Api", "services\csharp\Services\GazeConnect.CameraHub\GazeConnect.CameraHub.Api\GazeConnect.CameraHub.Api.csproj", "{EE2BE0A4-B551-49B5-AA9A-C0F138DCD886}"
EndProject
Project("{FAE04EC0-301F-11D3-BF4B-00C04F79EFBC}") = "GazeConnect.TTS.Api", "services\csharp\Services\GazeConnect.TTS\GazeConnect.TTS.Api\GazeConnect.TTS.Api.csproj", "{35288A4C-B8EB-4C92-82B6-69FA5659BC58}"
EndProject
Project("{FAE04EC0-301F-11D3-BF4B-00C04F79EFBC}") = "GazeConnect.UserProfile.Api", "services\csharp\Services\GazeConnect.UserProfile\GazeConnect.UserProfile.Api\GazeConnect.UserProfile.Api.csproj", "{BF05243B-7562-4FDE-BE9F-07ECF8DF5CF8}"
EndProject
Global
	GlobalSection(SolutionConfigurationPlatforms) = preSolution
		Debug|Any CPU = Debug|Any CPU
		Release|Any CPU = Release|Any CPU
	EndGlobalSection
	GlobalSection(SolutionProperties) = preSolution
		HideSolutionNode = FALSE
	EndGlobalSection
	GlobalSection(ProjectConfigurationPlatforms) = postSolution
		{1050C07F-18DB-49BD-AF4A-2ED44ACD9300}.Debug|Any CPU.ActiveCfg = Debug|Any CPU
		{1050C07F-18DB-49BD-AF4A-2ED44ACD9300}.Debug|Any CPU.Build.0 = Debug|Any CPU
		{1050C07F-18DB-49BD-AF4A-2ED44ACD9300}.Release|Any CPU.ActiveCfg = Release|Any CPU
		{1050C07F-18DB-49BD-AF4A-2ED44ACD9300}.Release|Any CPU.Build.0 = Release|Any CPU
		{7E58B36E-AF53-4A93-B19C-BA1808410A14}.Debug|Any CPU.ActiveCfg = Debug|Any CPU
		{7E58B36E-AF53-4A93-B19C-BA1808410A14}.Debug|Any CPU.Build.0 = Debug|Any CPU
		{7E58B36E-AF53-4A93-B19C-BA1808410A14}.Release|Any CPU.ActiveCfg = Release|Any CPU
		{7E58B36E-AF53-4A93-B19C-BA1808410A14}.Release|Any CPU.Build.0 = Release|Any CPU
		{D4F11D48-FA73-4BF2-8B1E-CCE2F3AA9394}.Debug|Any CPU.ActiveCfg = Debug|Any CPU
		{D4F11D48-FA73-4BF2-8B1E-CCE2F3AA9394}.Debug|Any CPU.Build.0 = Debug|Any CPU
		{D4F11D48-FA73-4BF2-8B1E-CCE2F3AA9394}.Release|Any CPU.ActiveCfg = Release|Any CPU
		{D4F11D48-FA73-4BF2-8B1E-CCE2F3AA9394}.Release|Any CPU.Build.0 = Release|Any CPU
		{45C7C808-71E8-4297-BA29-914013359826}.Debug|Any CPU.ActiveCfg = Debug|Any CPU
		{45C7C808-71E8-4297-BA29-914013359826}.Debug|Any CPU.Build.0 = Debug|Any CPU
		{45C7C808-71E8-4297-BA29-914013359826}.Release|Any CPU.ActiveCfg = Release|Any CPU
		{45C7C808-71E8-4297-BA29-914013359826}.Release|Any CPU.Build.0 = Release|Any CPU
		{3B885999-C205-4EFA-BF74-28B1CCBBDE2D}.Debug|Any CPU.ActiveCfg = Debug|Any CPU
		{3B885999-C205-4EFA-BF74-28B1CCBBDE2D}.Debug|Any CPU.Build.0 = Debug|Any CPU
		{3B885999-C205-4EFA-BF74-28B1CCBBDE2D}.Release|Any CPU.ActiveCfg = Release|Any CPU
		{3B885999-C205-4EFA-BF74-28B1CCBBDE2D}.Release|Any CPU.Build.0 = Release|Any CPU
		{4F6FC914-3515-4FE6-8773-C5F8C7C04EE0}.Debug|Any CPU.ActiveCfg = Debug|Any CPU
		{4F6FC914-3515-4FE6-8773-C5F8C7C04EE0}.Debug|Any CPU.Build.0 = Debug|Any CPU
		{4F6FC914-3515-4FE6-8773-C5F8C7C04EE0}.Release|Any CPU.ActiveCfg = Release|Any CPU
		{4F6FC914-3515-4FE6-8773-C5F8C7C04EE0}.Release|Any CPU.Build.0 = Release|Any CPU
		{6CF652A7-2C98-4C3F-BB39-D06E7839C704}.Debug|Any CPU.ActiveCfg = Debug|Any CPU
		{6CF652A7-2C98-4C3F-BB39-D06E7839C704}.Debug|Any CPU.Build.0 = Debug|Any CPU
		{6CF652A7-2C98-4C3F-BB39-D06E7839C704}.Release|Any CPU.ActiveCfg = Release|Any CPU
		{6CF652A7-2C98-4C3F-BB39-D06E7839C704}.Release|Any CPU.Build.0 = Release|Any CPU
		{153A9226-6E58-4272-9C23-3F20D1E6EA53}.Debug|Any CPU.ActiveCfg = Debug|Any CPU
		{153A9226-6E58-4272-9C23-3F20D1E6EA53}.Debug|Any CPU.Build.0 = Debug|Any CPU
		{153A9226-6E58-4272-9C23-3F20D1E6EA53}.Release|Any CPU.ActiveCfg = Release|Any CPU
		{153A9226-6E58-4272-9C23-3F20D1E6EA53}.Release|Any CPU.Build.0 = Release|Any CPU
		{591BB57C-806E-4605-A2BA-3C1F191E8F64}.Debug|Any CPU.ActiveCfg = Debug|Any CPU
		{591BB57C-806E-4605-A2BA-3C1F191E8F64}.Debug|Any CPU.Build.0 = Debug|Any CPU
		{591BB57C-806E-4605-A2BA-3C1F191E8F64}.Release|Any CPU.ActiveCfg = Release|Any CPU
		{591BB57C-806E-4605-A2BA-3C1F191E8F64}.Release|Any CPU.Build.0 = Release|Any CPU
		{06EED90D-196D-4142-8EEC-3495816D3033}.Debug|Any CPU.ActiveCfg = Debug|Any CPU
		{06EED90D-196D-4142-8EEC-3495816D3033}.Debug|Any CPU.Build.0 = Debug|Any CPU
		{06EED90D-196D-4142-8EEC-3495816D3033}.Release|Any CPU.ActiveCfg = Release|Any CPU
		{06EED90D-196D-4142-8EEC-3495816D3033}.Release|Any CPU.Build.0 = Release|Any CPU
		{159630D5-8CDB-4BAE-B997-29627C0D2FF7}.Debug|Any CPU.ActiveCfg = Debug|Any CPU
		{159630D5-8CDB-4BAE-B997-29627C0D2FF7}.Debug|Any CPU.Build.0 = Debug|Any CPU
		{159630D5-8CDB-4BAE-B997-29627C0D2FF7}.Release|Any CPU.ActiveCfg = Release|Any CPU
		{159630D5-8CDB-4BAE-B997-29627C0D2FF7}.Release|Any CPU.Build.0 = Release|Any CPU
		{031AAFAE-D598-4844-B957-2A196399EA28}.Debug|Any CPU.ActiveCfg = Debug|Any CPU
		{031AAFAE-D598-4844-B957-2A196399EA28}.Debug|Any CPU.Build.0 = Debug|Any CPU
		{031AAFAE-D598-4844-B957-2A196399EA28}.Release|Any CPU.ActiveCfg = Release|Any CPU
		{031AAFAE-D598-4844-B957-2A196399EA28}.Release|Any CPU.Build.0 = Release|Any CPU
		{01C1135E-1D44-42CC-BE54-853FFC605C7A}.Debug|Any CPU.ActiveCfg = Debug|Any CPU
		{01C1135E-1D44-42CC-BE54-853FFC605C7A}.Debug|Any CPU.Build.0 = Debug|Any CPU
		{01C1135E-1D44-42CC-BE54-853FFC605C7A}.Release|Any CPU.ActiveCfg = Release|Any CPU
		{01C1135E-1D44-42CC-BE54-853FFC605C7A}.Release|Any CPU.Build.0 = Release|Any CPU
		{60D35D3B-51D4-483F-BD5E-B066CA9F9E52}.Debug|Any CPU.ActiveCfg = Debug|Any CPU
		{60D35D3B-51D4-483F-BD5E-B066CA9F9E52}.Debug|Any CPU.Build.0 = Debug|Any CPU
		{60D35D3B-51D4-483F-BD5E-B066CA9F9E52}.Release|Any CPU.ActiveCfg = Release|Any CPU
		{60D35D3B-51D4-483F-BD5E-B066CA9F9E52}.Release|Any CPU.Build.0 = Release|Any CPU
		{B419AF7F-D684-4BD2-BF72-178A66BD8D5E}.Debug|Any CPU.ActiveCfg = Debug|Any CPU
		{B419AF7F-D684-4BD2-BF72-178A66BD8D5E}.Debug|Any CPU.Build.0 = Debug|Any CPU
		{B419AF7F-D684-4BD2-BF72-178A66BD8D5E}.Release|Any CPU.ActiveCfg = Release|Any CPU
		{B419AF7F-D684-4BD2-BF72-178A66BD8D5E}.Release|Any CPU.Build.0 = Release|Any CPU
		{0929F75E-E537-4250-A706-5058CECB7A4C}.Debug|Any CPU.ActiveCfg = Debug|Any CPU
		{0929F75E-E537-4250-A706-5058CECB7A4C}.Debug|Any CPU.Build.0 = Debug|Any CPU
		{0929F75E-E537-4250-A706-5058CECB7A4C}.Release|Any CPU.ActiveCfg = Release|Any CPU
		{0929F75E-E537-4250-A706-5058CECB7A4C}.Release|Any CPU.Build.0 = Release|Any CPU
		{3C40E508-C0F5-4395-8488-BCA8B9548113}.Debug|Any CPU.ActiveCfg = Debug|Any CPU
		{3C40E508-C0F5-4395-8488-BCA8B9548113}.Debug|Any CPU.Build.0 = Debug|Any CPU
		{3C40E508-C0F5-4395-8488-BCA8B9548113}.Release|Any CPU.ActiveCfg = Release|Any CPU
		{3C40E508-C0F5-4395-8488-BCA8B9548113}.Release|Any CPU.Build.0 = Release|Any CPU
		{78698553-A5B7-484D-8DAF-4F852C644C60}.Debug|Any CPU.ActiveCfg = Debug|Any CPU
		{78698553-A5B7-484D-8DAF-4F852C644C60}.Debug|Any CPU.Build.0 = Debug|Any CPU
		{78698553-A5B7-484D-8DAF-4F852C644C60}.Release|Any CPU.ActiveCfg = Release|Any CPU
		{78698553-A5B7-484D-8DAF-4F852C644C60}.Release|Any CPU.Build.0 = Release|Any CPU
		{760C957B-650D-41C3-9C6D-D8BC84BFB019}.Debug|Any CPU.ActiveCfg = Debug|Any CPU
		{760C957B-650D-41C3-9C6D-D8BC84BFB019}.Debug|Any CPU.Build.0 = Debug|Any CPU
		{760C957B-650D-41C3-9C6D-D8BC84BFB019}.Release|Any CPU.ActiveCfg = Release|Any CPU
		{760C957B-650D-41C3-9C6D-D8BC84BFB019}.Release|Any CPU.Build.0 = Release|Any CPU
		{EE2BE0A4-B551-49B5-AA9A-C0F138DCD886}.Debug|Any CPU.ActiveCfg = Debug|Any CPU
		{EE2BE0A4-B551-49B5-AA9A-C0F138DCD886}.Debug|Any CPU.Build.0 = Debug|Any CPU
		{EE2BE0A4-B551-49B5-AA9A-C0F138DCD886}.Release|Any CPU.ActiveCfg = Release|Any CPU
		{EE2BE0A4-B551-49B5-AA9A-C0F138DCD886}.Release|Any CPU.Build.0 = Release|Any CPU
		{35288A4C-B8EB-4C92-82B6-69FA5659BC58}.Debug|Any CPU.ActiveCfg = Debug|Any CPU
		{35288A4C-B8EB-4C92-82B6-69FA5659BC58}.Debug|Any CPU.Build.0 = Debug|Any CPU
		{35288A4C-B8EB-4C92-82B6-69FA5659BC58}.Release|Any CPU.ActiveCfg = Release|Any CPU
		{35288A4C-B8EB-4C92-82B6-69FA5659BC58}.Release|Any CPU.Build.0 = Release|Any CPU
		{BF05243B-7562-4FDE-BE9F-07ECF8DF5CF8}.Debug|Any CPU.ActiveCfg = Debug|Any CPU
		{BF05243B-7562-4FDE-BE9F-07ECF8DF5CF8}.Debug|Any CPU.Build.0 = Debug|Any CPU
		{BF05243B-7562-4FDE-BE9F-07ECF8DF5CF8}.Release|Any CPU.ActiveCfg = Release|Any CPU
		{BF05243B-7562-4FDE-BE9F-07ECF8DF5CF8}.Release|Any CPU.Build.0 = Release|Any CPU
	EndGlobalSection
	GlobalSection(NestedProjects) = preSolution
		{8EFD1B6E-7075-4579-B9E6-961AD68A13D7} = {6A8D1755-D9DF-4EF4-89C2-466FD7AE6A63}
		{1050C07F-18DB-49BD-AF4A-2ED44ACD9300} = {8EFD1B6E-7075-4579-B9E6-961AD68A13D7}
		{9D75FA01-0FF3-4962-A438-1F12C0D3982C} = {6A8D1755-D9DF-4EF4-89C2-466FD7AE6A63}
		{7E58B36E-AF53-4A93-B19C-BA1808410A14} = {9D75FA01-0FF3-4962-A438-1F12C0D3982C}
		{3095B0F0-3C1F-400E-A8B9-D9311C4B4BD4} = {6A8D1755-D9DF-4EF4-89C2-466FD7AE6A63}
		{D4F11D48-FA73-4BF2-8B1E-CCE2F3AA9394} = {3095B0F0-3C1F-400E-A8B9-D9311C4B4BD4}
		{45C7C808-71E8-4297-BA29-914013359826} = {3095B0F0-3C1F-400E-A8B9-D9311C4B4BD4}
		{3B885999-C205-4EFA-BF74-28B1CCBBDE2D} = {3095B0F0-3C1F-400E-A8B9-D9311C4B4BD4}
		{4F6FC914-3515-4FE6-8773-C5F8C7C04EE0} = {3095B0F0-3C1F-400E-A8B9-D9311C4B4BD4}
		{3E3FC75C-E6D6-4E68-8372-5EADEB74AD5C} = {1C7A6A95-3C34-48C8-B0A4-66AF882498D3}
		{2BB03335-0718-4DB0-9C69-2706E207717C} = {3E3FC75C-E6D6-4E68-8372-5EADEB74AD5C}
		{9608EF13-F82B-4D66-A1E1-FCC813591528} = {2BB03335-0718-4DB0-9C69-2706E207717C}
		{6CF652A7-2C98-4C3F-BB39-D06E7839C704} = {9608EF13-F82B-4D66-A1E1-FCC813591528}
		{153A9226-6E58-4272-9C23-3F20D1E6EA53} = {9608EF13-F82B-4D66-A1E1-FCC813591528}
		{591BB57C-806E-4605-A2BA-3C1F191E8F64} = {9608EF13-F82B-4D66-A1E1-FCC813591528}
		{58BAC447-6EF7-495A-AE98-9BD9C3E7AC72} = {2BB03335-0718-4DB0-9C69-2706E207717C}
		{06EED90D-196D-4142-8EEC-3495816D3033} = {58BAC447-6EF7-495A-AE98-9BD9C3E7AC72}
		{159630D5-8CDB-4BAE-B997-29627C0D2FF7} = {58BAC447-6EF7-495A-AE98-9BD9C3E7AC72}
		{031AAFAE-D598-4844-B957-2A196399EA28} = {58BAC447-6EF7-495A-AE98-9BD9C3E7AC72}
		{0AD1303A-4282-457C-A353-18A26E7D3B7E} = {2BB03335-0718-4DB0-9C69-2706E207717C}
		{01C1135E-1D44-42CC-BE54-853FFC605C7A} = {0AD1303A-4282-457C-A353-18A26E7D3B7E}
		{60D35D3B-51D4-483F-BD5E-B066CA9F9E52} = {0AD1303A-4282-457C-A353-18A26E7D3B7E}
		{B419AF7F-D684-4BD2-BF72-178A66BD8D5E} = {0AD1303A-4282-457C-A353-18A26E7D3B7E}
		{A4D43C45-9F6D-4304-AACC-63116830710E} = {2BB03335-0718-4DB0-9C69-2706E207717C}
		{0929F75E-E537-4250-A706-5058CECB7A4C} = {A4D43C45-9F6D-4304-AACC-63116830710E}
		{3C40E508-C0F5-4395-8488-BCA8B9548113} = {A4D43C45-9F6D-4304-AACC-63116830710E}
		{78698553-A5B7-484D-8DAF-4F852C644C60} = {A4D43C45-9F6D-4304-AACC-63116830710E}
		{760C957B-650D-41C3-9C6D-D8BC84BFB019} = {9608EF13-F82B-4D66-A1E1-FCC813591528}
		{EE2BE0A4-B551-49B5-AA9A-C0F138DCD886} = {58BAC447-6EF7-495A-AE98-9BD9C3E7AC72}
		{35288A4C-B8EB-4C92-82B6-69FA5659BC58} = {0AD1303A-4282-457C-A353-18A26E7D3B7E}
		{BF05243B-7562-4FDE-BE9F-07ECF8DF5CF8} = {A4D43C45-9F6D-4304-AACC-63116830710E}
	EndGlobalSection
EndGlobal
